<?xml version="1.0" encoding="utf-8"?>
<Project ToolsVersion="4.0" xmlns="http://schemas.microsoft.com/developer/msbuild/2003">
  <ItemGroup>
    <Filter Include="MTEngine">
      <UniqueIdentifier>{1C049176-08D1-EB81-31EA-D9291D162110}</UniqueIdentifier>
    </Filter>
  </ItemGroup>
  <ItemGroup>
    <ClInclude Include="src\MTEngine.h" />
    <ClInclude Include="src\MTEngine\Application.h">
      <Filter>MTEngine</Filter>
    </ClInclude>
    <ClInclude Include="src\MTEngine\Core.h">
      <Filter>MTEngine</Filter>
    </ClInclude>
    <ClInclude Include="src\MTEngine\EntryPoint.h">
      <Filter>MTEngine</Filter>
    </ClInclude>
  </ItemGroup>
  <ItemGroup>
    <ClCompile Include="src\MTEngine\Application.cpp">
      <Filter>MTEngine</Filter>
    </ClCompile>
  </ItemGroup>
</Project>